
Microsoft Visual Studio Solution File, Format Version 12.00
# Visual Studio Version 17
VisualStudioVersion = 17.12.35527.113 d17.12
MinimumVisualStudioVersion = 10.0.40219.1
Project("{FAE04EC0-301F-11D3-BF4B-00C04F79EFBC}") = "Week4Loops", "Week4Loops\Week4Loops.csproj", "{F3067C2F-FBEB-4423-90BC-6354F0128FE8}"
EndProject
Project("{FAE04EC0-301F-11D3-BF4B-00C04F79EFBC}") = "Week4WhileLoop", "Week4WhileLoop\Week4WhileLoop.csproj", "{49892CE5-3FE4-4BE7-BC3F-AB207C67B353}"
EndProject
Global
	GlobalSection(SolutionConfigurationPlatforms) = preSolution
		Debug|Any CPU = Debug|Any CPU
		Release|Any CPU = Release|Any CPU
	EndGlobalSection
	GlobalSection(ProjectConfigurationPlatforms) = postSolution
		{F3067C2F-FBEB-4423-90BC-6354F0128FE8}.Debug|Any CPU.ActiveCfg = Debug|Any CPU
		{F3067C2F-FBEB-4423-90BC-6354F0128FE8}.Debug|Any CPU.Build.0 = Debug|Any CPU
		{F3067C2F-FBEB-4423-90BC-6354F0128FE8}.Release|Any CPU.ActiveCfg = Release|Any CPU
		{F3067C2F-FBEB-4423-90BC-6354F0128FE8}.Release|Any CPU.Build.0 = Release|Any CPU
		{49892CE5-3FE4-4BE7-BC3F-AB207C67B353}.Debug|Any CPU.ActiveCfg = Debug|Any CPU
		{49892CE5-3FE4-4BE7-BC3F-AB207C67B353}.Debug|Any CPU.Build.0 = Debug|Any CPU
		{49892CE5-3FE4-4BE7-BC3F-AB207C67B353}.Release|Any CPU.ActiveCfg = Release|Any CPU
		{49892CE5-3FE4-4BE7-BC3F-AB207C67B353}.Release|Any CPU.Build.0 = Release|Any CPU
	EndGlobalSection
	GlobalSection(SolutionProperties) = preSolution
		HideSolutionNode = FALSE
	EndGlobalSection
EndGlobal
